// !$*UTF8*$!
{
	archiveVersion = 1;
	classes = {
	};
	objectVersion = 46;
	objects = {

/* Begin PBXBuildFile section */
		DFBAD32B1A0D1DA4002898B4 /* main.m in Sources */ = {isa = PBXBuildFile; fileRef = DFBAD32A1A0D1DA4002898B4 /* main.m */; };
		DFBAD32E1A0D1DA5002898B4 /* AppDelegate.m in Sources */ = {isa = PBXBuildFile; fileRef = DFBAD32D1A0D1DA5002898B4 /* AppDelegate.m */; };
		DFBAD3311A0D1DA5002898B4 /* AppViewController.m in Sources */ = {isa = PBXBuildFile; fileRef = DFBAD3301A0D1DA5002898B4 /* AppViewController.m */; };
		DFBAD3361A0D1DA5002898B4 /* Images.xcassets in Resources */ = {isa = PBXBuildFile; fileRef = DFBAD3351A0D1DA5002898B4 /* Images.xcassets */; };
		DFBAD3391A0D1DA5002898B4 /* LaunchScreen.xib in Resources */ = {isa = PBXBuildFile; fileRef = DFBAD3371A0D1DA5002898B4 /* LaunchScreen.xib */; };
		DFBAD3451A0D1DA5002898B4 /* WindowRotationTests.m in Sources */ = {isa = PBXBuildFile; fileRef = DFBAD3441A0D1DA5002898B4 /* WindowRotationTests.m */; };
		DFBAD3501A0D1FF8002898B4 /* OrientationViewController.m in Sources */ = {isa = PBXBuildFile; fileRef = DFBAD34F1A0D1FF8002898B4 /* OrientationViewController.m */; };
		DFBAD3531A0D2010002898B4 /* PortraitViewController.m in Sources */ = {isa = PBXBuildFile; fileRef = DFBAD3521A0D2010002898B4 /* PortraitViewController.m */; };
		DFBAD3561A0D235B002898B4 /* ColoredViewController.m in Sources */ = {isa = PBXBuildFile; fileRef = DFBAD3551A0D235B002898B4 /* ColoredViewController.m */; };
		DFBAD3591A10C9DC002898B4 /* AppWindow.m in Sources */ = {isa = PBXBuildFile; fileRef = DFBAD3581A10C9DC002898B4 /* AppWindow.m */; };
/* End PBXBuildFile section */

/* Begin PBXContainerItemProxy section */
		DFBAD33F1A0D1DA5002898B4 /* PBXContainerItemProxy */ = {
			isa = PBXContainerItemProxy;
			containerPortal = DFBAD31D1A0D1DA4002898B4 /* Project object */;
			proxyType = 1;
			remoteGlobalIDString = DFBAD3241A0D1DA4002898B4;
			remoteInfo = WindowRotation;
		};
/* End PBXContainerItemProxy section */

/* Begin PBXFileReference section */
		DFBAD3251A0D1DA4002898B4 /* WindowRotation.app */ = {isa = PBXFileReference; explicitFileType = wrapper.application; includeInIndex = 0; path = WindowRotation.app; sourceTree = BUILT_PRODUCTS_DIR; };
		DFBAD3291A0D1DA4002898B4 /* Info.plist */ = {isa = PBXFileReference; lastKnownFileType = text.plist.xml; path = Info.plist; sourceTree = "<group>"; };
		DFBAD32A1A0D1DA4002898B4 /* main.m */ = {isa = PBXFileReference; lastKnownFileType = sourcecode.c.objc; path = main.m; sourceTree = "<group>"; };
		DFBAD32C1A0D1DA5002898B4 /* AppDelegate.h */ = {isa = PBXFileReference; lastKnownFileType = sourcecode.c.h; path = AppDelegate.h; sourceTree = "<group>"; };
		DFBAD32D1A0D1DA5002898B4 /* AppDelegate.m */ = {isa = PBXFileReference; lastKnownFileType = sourcecode.c.objc; path = AppDelegate.m; sourceTree = "<group>"; };
		DFBAD32F1A0D1DA5002898B4 /* AppViewController.h */ = {isa = PBXFileReference; lastKnownFileType = sourcecode.c.h; path = AppViewController.h; sourceTree = "<group>"; };
		DFBAD3301A0D1DA5002898B4 /* AppViewController.m */ = {isa = PBXFileReference; lastKnownFileType = sourcecode.c.objc; path = AppViewController.m; sourceTree = "<group>"; };
		DFBAD3351A0D1DA5002898B4 /* Images.xcassets */ = {isa = PBXFileReference; lastKnownFileType = folder.assetcatalog; path = Images.xcassets; sourceTree = "<group>"; };
		DFBAD3381A0D1DA5002898B4 /* Base */ = {isa = PBXFileReference; lastKnownFileType = file.xib; name = Base; path = Base.lproj/LaunchScreen.xib; sourceTree = "<group>"; };
		DFBAD33E1A0D1DA5002898B4 /* WindowRotationTests.xctest */ = {isa = PBXFileReference; explicitFileType = wrapper.cfbundle; includeInIndex = 0; path = WindowRotationTests.xctest; sourceTree = BUILT_PRODUCTS_DIR; };
		DFBAD3431A0D1DA5002898B4 /* Info.plist */ = {isa = PBXFileReference; lastKnownFileType = text.plist.xml; path = Info.plist; sourceTree = "<group>"; };
		DFBAD3441A0D1DA5002898B4 /* WindowRotationTests.m */ = {isa = PBXFileReference; lastKnownFileType = sourcecode.c.objc; path = WindowRotationTests.m; sourceTree = "<group>"; };
		DFBAD34E1A0D1FF8002898B4 /* OrientationViewController.h */ = {isa = PBXFileReference; fileEncoding = 4; lastKnownFileType = sourcecode.c.h; path = OrientationViewController.h; sourceTree = "<group>"; };
		DFBAD34F1A0D1FF8002898B4 /* OrientationViewController.m */ = {isa = PBXFileReference; fileEncoding = 4; lastKnownFileType = sourcecode.c.objc; path = OrientationViewController.m; sourceTree = "<group>"; };
		DFBAD3511A0D2010002898B4 /* PortraitViewController.h */ = {isa = PBXFileReference; fileEncoding = 4; lastKnownFileType = sourcecode.c.h; path = PortraitViewController.h; sourceTree = "<group>"; };
		DFBAD3521A0D2010002898B4 /* PortraitViewController.m */ = {isa = PBXFileReference; fileEncoding = 4; lastKnownFileType = sourcecode.c.objc; path = PortraitViewController.m; sourceTree = "<group>"; };
		DFBAD3541A0D235B002898B4 /* ColoredViewController.h */ = {isa = PBXFileReference; fileEncoding = 4; lastKnownFileType = sourcecode.c.h; path = ColoredViewController.h; sourceTree = "<group>"; };
		DFBAD3551A0D235B002898B4 /* ColoredViewController.m */ = {isa = PBXFileReference; fileEncoding = 4; lastKnownFileType = sourcecode.c.objc; path = ColoredViewController.m; sourceTree = "<group>"; };
		DFBAD3571A10C9DC002898B4 /* AppWindow.h */ = {isa = PBXFileReference; fileEncoding = 4; lastKnownFileType = sourcecode.c.h; path = AppWindow.h; sourceTree = "<group>"; };
		DFBAD3581A10C9DC002898B4 /* AppWindow.m */ = {isa = PBXFileReference; fileEncoding = 4; lastKnownFileType = sourcecode.c.objc; path = AppWindow.m; sourceTree = "<group>"; };
/* End PBXFileReference section */

/* Begin PBXFrameworksBuildPhase section */
		DFBAD3221A0D1DA4002898B4 /* Frameworks */ = {
			isa = PBXFrameworksBuildPhase;
			buildActionMask = 2147483647;
			files = (
			);
			runOnlyForDeploymentPostprocessing = 0;
		};
		DFBAD33B1A0D1DA5002898B4 /* Frameworks */ = {
			isa = PBXFrameworksBuildPhase;
			buildActionMask = 2147483647;
			files = (
			);
			runOnlyForDeploymentPostprocessing = 0;
		};
/* End PBXFrameworksBuildPhase section */

/* Begin PBXGroup section */
		DFBAD31C1A0D1DA4002898B4 = {
			isa = PBXGroup;
			children = (
				DFBAD3271A0D1DA4002898B4 /* WindowRotation */,
				DFBAD3411A0D1DA5002898B4 /* WindowRotationTests */,
				DFBAD3261A0D1DA4002898B4 /* Products */,
			);
			sourceTree = "<group>";
		};
		DFBAD3261A0D1DA4002898B4 /* Products */ = {
			isa = PBXGroup;
			children = (
				DFBAD3251A0D1DA4002898B4 /* WindowRotation.app */,
				DFBAD33E1A0D1DA5002898B4 /* WindowRotationTests.xctest */,
			);
			name = Products;
			sourceTree = "<group>";
		};
		DFBAD3271A0D1DA4002898B4 /* WindowRotation */ = {
			isa = PBXGroup;
			children = (
				DFBAD32C1A0D1DA5002898B4 /* AppDelegate.h */,
				DFBAD32D1A0D1DA5002898B4 /* AppDelegate.m */,
				DFBAD32F1A0D1DA5002898B4 /* AppViewController.h */,
				DFBAD3301A0D1DA5002898B4 /* AppViewController.m */,
				DFBAD34E1A0D1FF8002898B4 /* OrientationViewController.h */,
				DFBAD34F1A0D1FF8002898B4 /* OrientationViewController.m */,
				DFBAD3351A0D1DA5002898B4 /* Images.xcassets */,
				DFBAD3371A0D1DA5002898B4 /* LaunchScreen.xib */,
				DFBAD3281A0D1DA4002898B4 /* Supporting Files */,
				DFBAD3511A0D2010002898B4 /* PortraitViewController.h */,
				DFBAD3521A0D2010002898B4 /* PortraitViewController.m */,
				DFBAD3541A0D235B002898B4 /* ColoredViewController.h */,
				DFBAD3551A0D235B002898B4 /* ColoredViewController.m */,
				DFBAD3571A10C9DC002898B4 /* AppWindow.h */,
				DFBAD3581A10C9DC002898B4 /* AppWindow.m */,
			);
			path = WindowRotation;
			sourceTree = "<group>";
		};
		DFBAD3281A0D1DA4002898B4 /* Supporting Files */ = {
			isa = PBXGroup;
			children = (
				DFBAD3291A0D1DA4002898B4 /* Info.plist */,
				DFBAD32A1A0D1DA4002898B4 /* main.m */,
			);
			name = "Supporting Files";
			sourceTree = "<group>";
		};
		DFBAD3411A0D1DA5002898B4 /* WindowRotationTests */ = {
			isa = PBXGroup;
			children = (
				DFBAD3441A0D1DA5002898B4 /* WindowRotationTests.m */,
				DFBAD3421A0D1DA5002898B4 /* Supporting Files */,
			);
			path = WindowRotationTests;
			sourceTree = "<group>";
		};
		DFBAD3421A0D1DA5002898B4 /* Supporting Files */ = {
			isa = PBXGroup;
			children = (
				DFBAD3431A0D1DA5002898B4 /* Info.plist */,
			);
			name = "Supporting Files";
			sourceTree = "<group>";
		};
/* End PBXGroup section */

/* Begin PBXNativeTarget section */
		DFBAD3241A0D1DA4002898B4 /* WindowRotation */ = {
			isa = PBXNativeTarget;
			buildConfigurationList = DFBAD3481A0D1DA5002898B4 /* Build configuration list for PBXNativeTarget "WindowRotation" */;
			buildPhases = (
				DFBAD3211A0D1DA4002898B4 /* Sources */,
				DFBAD3221A0D1DA4002898B4 /* Frameworks */,
				DFBAD3231A0D1DA4002898B4 /* Resources */,
			);
			buildRules = (
			);
			dependencies = (
			);
			name = WindowRotation;
			productName = WindowRotation;
			productReference = DFBAD3251A0D1DA4002898B4 /* WindowRotation.app */;
			productType = "com.apple.product-type.application";
		};
		DFBAD33D1A0D1DA5002898B4 /* WindowRotationTests */ = {
			isa = PBXNativeTarget;
			buildConfigurationList = DFBAD34B1A0D1DA5002898B4 /* Build configuration list for PBXNativeTarget "WindowRotationTests" */;
			buildPhases = (
				DFBAD33A1A0D1DA5002898B4 /* Sources */,
				DFBAD33B1A0D1DA5002898B4 /* Frameworks */,
				DFBAD33C1A0D1DA5002898B4 /* Resources */,
			);
			buildRules = (
			);
			dependencies = (
				DFBAD3401A0D1DA5002898B4 /* PBXTargetDependency */,
			);
			name = WindowRotationTests;
			productName = WindowRotationTests;
			productReference = DFBAD33E1A0D1DA5002898B4 /* WindowRotationTests.xctest */;
			productType = "com.apple.product-type.bundle.unit-test";
		};
/* End PBXNativeTarget section */

/* Begin PBXProject section */
		DFBAD31D1A0D1DA4002898B4 /* Project object */ = {
			isa = PBXProject;
			attributes = {
				LastUpgradeCheck = 0610;
				ORGANIZATIONNAME = jankrokn;
				TargetAttributes = {
					DFBAD3241A0D1DA4002898B4 = {
						CreatedOnToolsVersion = 6.1;
					};
					DFBAD33D1A0D1DA5002898B4 = {
						CreatedOnToolsVersion = 6.1;
						TestTargetID = DFBAD3241A0D1DA4002898B4;
					};
				};
			};
			buildConfigurationList = DFBAD3201A0D1DA4002898B4 /* Build configuration list for PBXProject "WindowRotation" */;
			compatibilityVersion = "Xcode 3.2";
			developmentRegion = English;
			hasScannedForEncodings = 0;
			knownRegions = (
				en,
				Base,
			);
			mainGroup = DFBAD31C1A0D1DA4002898B4;
			productRefGroup = DFBAD3261A0D1DA4002898B4 /* Products */;
			projectDirPath = "";
			projectRoot = "";
			targets = (
				DFBAD3241A0D1DA4002898B4 /* WindowRotation */,
				DFBAD33D1A0D1DA5002898B4 /* WindowRotationTests */,
			);
		};
/* End PBXProject section */

/* Begin PBXResourcesBuildPhase section */
		DFBAD3231A0D1DA4002898B4 /* Resources */ = {
			isa = PBXResourcesBuildPhase;
			buildActionMask = 2147483647;
			files = (
				DFBAD3391A0D1DA5002898B4 /* LaunchScreen.xib in Resources */,
				DFBAD3361A0D1DA5002898B4 /* Images.xcassets in Resources */,
			);
			runOnlyForDeploymentPostprocessing = 0;
		};
		DFBAD33C1A0D1DA5002898B4 /* Resources */ = {
			isa = PBXResourcesBuildPhase;
			buildActionMask = 2147483647;
			files = (
			);
			runOnlyForDeploymentPostprocessing = 0;
		};
/* End PBXResourcesBuildPhase section */

/* Begin PBXSourcesBuildPhase section */
		DFBAD3211A0D1DA4002898B4 /* Sources */ = {
			isa = PBXSourcesBuildPhase;
			buildActionMask = 2147483647;
			files = (
				DFBAD3311A0D1DA5002898B4 /* AppViewController.m in Sources */,
				DFBAD3561A0D235B002898B4 /* ColoredViewController.m in Sources */,
				DFBAD3531A0D2010002898B4 /* PortraitViewController.m in Sources */,
				DFBAD3591A10C9DC002898B4 /* AppWindow.m in Sources */,
				DFBAD3501A0D1FF8002898B4 /* OrientationViewController.m in Sources */,
				DFBAD32E1A0D1DA5002898B4 /* AppDelegate.m in Sources */,
				DFBAD32B1A0D1DA4002898B4 /* main.m in Sources */,
			);
			runOnlyForDeploymentPostprocessing = 0;
		};
		DFBAD33A1A0D1DA5002898B4 /* Sources */ = {
			isa = PBXSourcesBuildPhase;
			buildActionMask = 2147483647;
			files = (
				DFBAD3451A0D1DA5002898B4 /* WindowRotationTests.m in Sources */,
			);
			runOnlyForDeploymentPostprocessing = 0;
		};
/* End PBXSourcesBuildPhase section */

/* Begin PBXTargetDependency section */
		DFBAD3401A0D1DA5002898B4 /* PBXTargetDependency */ = {
			isa = PBXTargetDependency;
			target = DFBAD3241A0D1DA4002898B4 /* WindowRotation */;
			targetProxy = DFBAD33F1A0D1DA5002898B4 /* PBXContainerItemProxy */;
		};
/* End PBXTargetDependency section */

/* Begin PBXVariantGroup section */
		DFBAD3371A0D1DA5002898B4 /* LaunchScreen.xib */ = {
			isa = PBXVariantGroup;
			children = (
				DFBAD3381A0D1DA5002898B4 /* Base */,
			);
			name = LaunchScreen.xib;
			sourceTree = "<group>";
		};
/* End PBXVariantGroup section */

/* Begin XCBuildConfiguration section */
		DFBAD3461A0D1DA5002898B4 /* Debug */ = {
			isa = XCBuildConfiguration;
			buildSettings = {
				ALWAYS_SEARCH_USER_PATHS = NO;
				CLANG_CXX_LANGUAGE_STANDARD = "gnu++0x";
				CLANG_CXX_LIBRARY = "libc++";
				CLANG_ENABLE_MODULES = YES;
				CLANG_ENABLE_OBJC_ARC = YES;
				CLANG_WARN_BOOL_CONVERSION = YES;
				CLANG_WARN_CONSTANT_CONVERSION = YES;
				CLANG_WARN_DIRECT_OBJC_ISA_USAGE = YES_ERROR;
				CLANG_WARN_EMPTY_BODY = YES;
				CLANG_WARN_ENUM_CONVERSION = YES;
				CLANG_WARN_INT_CONVERSION = YES;
				CLANG_WARN_OBJC_ROOT_CLASS = YES_ERROR;
				CLANG_WARN_UNREACHABLE_CODE = YES;
				CLANG_WARN__DUPLICATE_METHOD_MATCH = YES;
				"CODE_SIGN_IDENTITY[sdk=iphoneos*]" = "iPhone Developer";
				COPY_PHASE_STRIP = NO;
				ENABLE_STRICT_OBJC_MSGSEND = YES;
				GCC_C_LANGUAGE_STANDARD = gnu99;
				GCC_DYNAMIC_NO_PIC = NO;
				GCC_OPTIMIZATION_LEVEL = 0;
				GCC_PREPROCESSOR_DEFINITIONS = (
					"DEBUG=1",
					"$(inherited)",
				);
				GCC_SYMBOLS_PRIVATE_EXTERN = NO;
				GCC_WARN_64_TO_32_BIT_CONVERSION = YES;
				GCC_WARN_ABOUT_RETURN_TYPE = YES_ERROR;
				GCC_WARN_UNDECLARED_SELECTOR = YES;
				GCC_WARN_UNINITIALIZED_AUTOS = YES_AGGRESSIVE;
				GCC_WARN_UNUSED_FUNCTION = YES;
				GCC_WARN_UNUSED_VARIABLE = YES;
				IPHONEOS_DEPLOYMENT_TARGET = 8.1;
				MTL_ENABLE_DEBUG_INFO = YES;
				ONLY_ACTIVE_ARCH = YES;
				SDKROOT = iphoneos;
				TARGETED_DEVICE_FAMILY = "1,2";
			};
			name = Debug;
		};
		DFBAD3471A0D1DA5002898B4 /* Release */ = {
			isa = XCBuildConfiguration;
			buildSettings = {
				ALWAYS_SEARCH_USER_PATHS = NO;
				CLANG_CXX_LANGUAGE_STANDARD = "gnu++0x";
				CLANG_CXX_LIBRARY = "libc++";
				CLANG_ENABLE_MODULES = YES;
				CLANG_ENABLE_OBJC_ARC = YES;
				CLANG_WARN_BOOL_CONVERSION = YES;
				CLANG_WARN_CONSTANT_CONVERSION = YES;
				CLANG_WARN_DIRECT_OBJC_ISA_USAGE = YES_ERROR;
				CLANG_WARN_EMPTY_BODY = YES;
				CLANG_WARN_ENUM_CONVERSION = YES;
				CLANG_WARN_INT_CONVERSION = YES;
				CLANG_WARN_OBJC_ROOT_CLASS = YES_ERROR;
				CLANG_WARN_UNREACHABLE_CODE = YES;
				CLANG_WARN__DUPLICATE_METHOD_MATCH = YES;
				"CODE_SIGN_IDENTITY[sdk=iphoneos*]" = "iPhone Developer";
				COPY_PHASE_STRIP = YES;
				ENABLE_NS_ASSERTIONS = NO;
				ENABLE_STRICT_OBJC_MSGSEND = YES;
				GCC_C_LANGUAGE_STANDARD = gnu99;
				GCC_WARN_64_TO_32_BIT_CONVERSION = YES;
				GCC_WARN_ABOUT_RETURN_TYPE = YES_ERROR;
				GCC_WARN_UNDECLARED_SELECTOR = YES;
				GCC_WARN_UNINITIALIZED_AUTOS = YES_AGGRESSIVE;
				GCC_WARN_UNUSED_FUNCTION = YES;
				GCC_WARN_UNUSED_VARIABLE = YES;
				IPHONEOS_DEPLOYMENT_TARGET = 8.1;
				MTL_ENABLE_DEBUG_INFO = NO;
				SDKROOT = iphoneos;
				TARGETED_DEVICE_FAMILY = "1,2";
				VALIDATE_PRODUCT = YES;
			};
			name = Release;
		};
		DFBAD3491A0D1DA5002898B4 /* Debug */ = {
			isa = XCBuildConfiguration;
			buildSettings = {
				ASSETCATALOG_COMPILER_APPICON_NAME = AppIcon;
				INFOPLIST_FILE = WindowRotation/Info.plist;
				LD_RUNPATH_SEARCH_PATHS = "$(inherited) @executable_path/Frameworks";
				PRODUCT_NAME = "$(TARGET_NAME)";
			};
			name = Debug;
		};
		DFBAD34A1A0D1DA5002898B4 /* Release */ = {
			isa = XCBuildConfiguration;
			buildSettings = {
				ASSETCATALOG_COMPILER_APPICON_NAME = AppIcon;
				INFOPLIST_FILE = WindowRotation/Info.plist;
				LD_RUNPATH_SEARCH_PATHS = "$(inherited) @executable_path/Frameworks";
				PRODUCT_NAME = "$(TARGET_NAME)";
			};
			name = Release;
		};
		DFBAD34C1A0D1DA5002898B4 /* Debug */ = {
			isa = XCBuildConfiguration;
			buildSettings = {
				BUNDLE_LOADER = "$(TEST_HOST)";
				FRAMEWORK_SEARCH_PATHS = (
					"$(SDKROOT)/Developer/Library/Frameworks",
					"$(inherited)",
				);
				GCC_PREPROCESSOR_DEFINITIONS = (
					"DEBUG=1",
					"$(inherited)",
				);
				INFOPLIST_FILE = WindowRotationTests/Info.plist;
				LD_RUNPATH_SEARCH_PATHS = "$(inherited) @executable_path/Frameworks @loader_path/Frameworks";
				PRODUCT_NAME = "$(TARGET_NAME)";
				TEST_HOST = "$(BUILT_PRODUCTS_DIR)/WindowRotation.app/WindowRotation";
			};
			name = Debug;
		};
		DFBAD34D1A0D1DA5002898B4 /* Release */ = {
			isa = XCBuildConfiguration;
			buildSettings = {
				BUNDLE_LOADER = "$(TEST_HOST)";
				FRAMEWORK_SEARCH_PATHS = (
					"$(SDKROOT)/Developer/Library/Frameworks",
					"$(inherited)",
				);
				INFOPLIST_FILE = WindowRotationTests/Info.plist;
				LD_RUNPATH_SEARCH_PATHS = "$(inherited) @executable_path/Frameworks @loader_path/Frameworks";
				PRODUCT_NAME = "$(TARGET_NAME)";
				TEST_HOST = "$(BUILT_PRODUCTS_DIR)/WindowRotation.app/WindowRotation";
			};
			name = Release;
		};
/* End XCBuildConfiguration section */

/* Begin XCConfigurationList section */
		DFBAD3201A0D1DA4002898B4 /* Build configuration list for PBXProject "WindowRotation" */ = {
			isa = XCConfigurationList;
			buildConfigurations = (
				DFBAD3461A0D1DA5002898B4 /* Debug */,
				DFBAD3471A0D1DA5002898B4 /* Release */,
			);
			defaultConfigurationIsVisible = 0;
			defaultConfigurationName = Release;
		};
		DFBAD3481A0D1DA5002898B4 /* Build configuration list for PBXNativeTarget "WindowRotation" */ = {
			isa = XCConfigurationList;
			buildConfigurations = (
				DFBAD3491A0D1DA5002898B4 /* Debug */,
				DFBAD34A1A0D1DA5002898B4 /* Release */,
			);
			defaultConfigurationIsVisible = 0;
		};
		DFBAD34B1A0D1DA5002898B4 /* Build configuration list for PBXNativeTarget "WindowRotationTests" */ = {
			isa = XCConfigurationList;
			buildConfigurations = (
				DFBAD34C1A0D1DA5002898B4 /* Debug */,
				DFBAD34D1A0D1DA5002898B4 /* Release */,
			);
			defaultConfigurationIsVisible = 0;
		};
/* End XCConfigurationList section */
	};
	rootObject = DFBAD31D1A0D1DA4002898B4 /* Project object */;
}
